
Microsoft Visual Studio Solution File, Format Version 12.00
# Visual Studio Version 17
VisualStudioVersion = 17.8.34408.163
MinimumVisualStudioVersion = 10.0.40219.1
Project("{FAE04EC0-301F-11D3-BF4B-00C04F79EFBC}") = "in class ch 12 problem 8 encryption", "in class ch 12 problem 8 encryption\in class ch 12 problem 8 encryption.csproj", "{D677BFF9-A8B4-4C07-940A-F3C5590DA2B5}"
EndProject
Global
	GlobalSection(SolutionConfigurationPlatforms) = preSolution
		Debug|Any CPU = Debug|Any CPU
		Release|Any CPU = Release|Any CPU
	EndGlobalSection
	GlobalSection(ProjectConfigurationPlatforms) = postSolution
		{D677BFF9-A8B4-4C07-940A-F3C5590DA2B5}.Debug|Any CPU.ActiveCfg = Debug|Any CPU
		{D677BFF9-A8B4-4C07-940A-F3C5590DA2B5}.Debug|Any CPU.Build.0 = Debug|Any CPU
		{D677BFF9-A8B4-4C07-940A-F3C5590DA2B5}.Release|Any CPU.ActiveCfg = Release|Any CPU
		{D677BFF9-A8B4-4C07-940A-F3C5590DA2B5}.Release|Any CPU.Build.0 = Release|Any CPU
	EndGlobalSection
	GlobalSection(SolutionProperties) = preSolution
		HideSolutionNode = FALSE
	EndGlobalSection
	GlobalSection(ExtensibilityGlobals) = postSolution
		SolutionGuid = {1AE7DE48-222C-4AFD-849E-47BAB354530E}
	EndGlobalSection
EndGlobal
